
Microsoft Visual Studio Solution File, Format Version 12.00
# Visual Studio Version 16
VisualStudioVersion = 16.0.34601.136
MinimumVisualStudioVersion = 10.0.40219.1
Project("{FAE04EC0-301F-11D3-BF4B-00C04F79EFBC}") = "2008SOAPLauncher", "2008SOAPLauncher\2008SOAPLauncher.csproj", "{6E93009E-0D08-4604-BFCB-B5035AD37EBC}"
EndProject
Global
	GlobalSection(SolutionConfigurationPlatforms) = preSolution
		Debug|Any CPU = Debug|Any CPU
		Release|Any CPU = Release|Any CPU
	EndGlobalSection
	GlobalSection(ProjectConfigurationPlatforms) = postSolution
		{6E93009E-0D08-4604-BFCB-B5035AD37EBC}.Debug|Any CPU.ActiveCfg = Debug|Any CPU
		{6E93009E-0D08-4604-BFCB-B5035AD37EBC}.Debug|Any CPU.Build.0 = Debug|Any CPU
		{6E93009E-0D08-4604-BFCB-B5035AD37EBC}.Release|Any CPU.ActiveCfg = Release|Any CPU
		{6E93009E-0D08-4604-BFCB-B5035AD37EBC}.Release|Any CPU.Build.0 = Release|Any CPU
	EndGlobalSection
	GlobalSection(SolutionProperties) = preSolution
		HideSolutionNode = FALSE
	EndGlobalSection
	GlobalSection(ExtensibilityGlobals) = postSolution
		SolutionGuid = {635838F5-797E-4960-8493-FF34C3099D02}
	EndGlobalSection
EndGlobal
